// !$*UTF8*$!
{
	archiveVersion = 1;
	classes = {
	};
	objectVersion = 50;
	objects = {

/* Begin PBXBuildFile section */
		B39854F022133DB1009A6711 /* AppDelegate.swift in Sources */ = {isa = PBXBuildFile; fileRef = B39854EF22133DB1009A6711 /* AppDelegate.swift */; };
		B39854F222133DB1009A6711 /* ViewController.swift in Sources */ = {isa = PBXBuildFile; fileRef = B39854F122133DB1009A6711 /* ViewController.swift */; };
		B39854F522133DB1009A6711 /* Main.storyboard in Resources */ = {isa = PBXBuildFile; fileRef = B39854F322133DB1009A6711 /* Main.storyboard */; };
		B39854F722133DB2009A6711 /* Assets.xcassets in Resources */ = {isa = PBXBuildFile; fileRef = B39854F622133DB2009A6711 /* Assets.xcassets */; };
		B39854FA22133DB2009A6711 /* LaunchScreen.storyboard in Resources */ = {isa = PBXBuildFile; fileRef = B39854F822133DB2009A6711 /* LaunchScreen.storyboard */; };
		B398550222133DF6009A6711 /* ALAnimationProtocol.swift in Sources */ = {isa = PBXBuildFile; fileRef = B398550122133DF6009A6711 /* ALAnimationProtocol.swift */; };
		B398550422133E41009A6711 /* ALShape.swift in Sources */ = {isa = PBXBuildFile; fileRef = B398550322133E41009A6711 /* ALShape.swift */; };
		B398550622133F37009A6711 /* ALView.swift in Sources */ = {isa = PBXBuildFile; fileRef = B398550522133F37009A6711 /* ALView.swift */; };
		B398550A221343A3009A6711 /* ALAnimationGradiCircleRotate.swift in Sources */ = {isa = PBXBuildFile; fileRef = B3985509221343A3009A6711 /* ALAnimationGradiCircleRotate.swift */; };
		B398550D221348A2009A6711 /* ALPresenter.swift in Sources */ = {isa = PBXBuildFile; fileRef = B398550C221348A2009A6711 /* ALPresenter.swift */; };
		B398550F22134BD5009A6711 /* ALViewable.swift in Sources */ = {isa = PBXBuildFile; fileRef = B398550E22134BD5009A6711 /* ALViewable.swift */; };
/* End PBXBuildFile section */

/* Begin PBXFileReference section */
		B39854EC22133DB1009A6711 /* AniLoad.app */ = {isa = PBXFileReference; explicitFileType = wrapper.application; includeInIndex = 0; path = AniLoad.app; sourceTree = BUILT_PRODUCTS_DIR; };
		B39854EF22133DB1009A6711 /* AppDelegate.swift */ = {isa = PBXFileReference; lastKnownFileType = sourcecode.swift; path = AppDelegate.swift; sourceTree = "<group>"; };
		B39854F122133DB1009A6711 /* ViewController.swift */ = {isa = PBXFileReference; lastKnownFileType = sourcecode.swift; path = ViewController.swift; sourceTree = "<group>"; };
		B39854F422133DB1009A6711 /* Base */ = {isa = PBXFileReference; lastKnownFileType = file.storyboard; name = Base; path = Base.lproj/Main.storyboard; sourceTree = "<group>"; };
		B39854F622133DB2009A6711 /* Assets.xcassets */ = {isa = PBXFileReference; lastKnownFileType = folder.assetcatalog; path = Assets.xcassets; sourceTree = "<group>"; };
		B39854F922133DB2009A6711 /* Base */ = {isa = PBXFileReference; lastKnownFileType = file.storyboard; name = Base; path = Base.lproj/LaunchScreen.storyboard; sourceTree = "<group>"; };
		B39854FB22133DB2009A6711 /* Info.plist */ = {isa = PBXFileReference; lastKnownFileType = text.plist.xml; path = Info.plist; sourceTree = "<group>"; };
		B398550122133DF6009A6711 /* ALAnimationProtocol.swift */ = {isa = PBXFileReference; lastKnownFileType = sourcecode.swift; path = ALAnimationProtocol.swift; sourceTree = "<group>"; };
		B398550322133E41009A6711 /* ALShape.swift */ = {isa = PBXFileReference; lastKnownFileType = sourcecode.swift; path = ALShape.swift; sourceTree = "<group>"; };
		B398550522133F37009A6711 /* ALView.swift */ = {isa = PBXFileReference; lastKnownFileType = sourcecode.swift; path = ALView.swift; sourceTree = "<group>"; };
		B3985509221343A3009A6711 /* ALAnimationGradiCircleRotate.swift */ = {isa = PBXFileReference; lastKnownFileType = sourcecode.swift; path = ALAnimationGradiCircleRotate.swift; sourceTree = "<group>"; };
		B398550C221348A2009A6711 /* ALPresenter.swift */ = {isa = PBXFileReference; lastKnownFileType = sourcecode.swift; path = ALPresenter.swift; sourceTree = "<group>"; };
		B398550E22134BD5009A6711 /* ALViewable.swift */ = {isa = PBXFileReference; lastKnownFileType = sourcecode.swift; path = ALViewable.swift; sourceTree = "<group>"; };
/* End PBXFileReference section */

/* Begin PBXFrameworksBuildPhase section */
		B39854E922133DB1009A6711 /* Frameworks */ = {
			isa = PBXFrameworksBuildPhase;
			buildActionMask = 2147483647;
			files = (
			);
			runOnlyForDeploymentPostprocessing = 0;
		};
/* End PBXFrameworksBuildPhase section */

/* Begin PBXGroup section */
		B39854E322133DB1009A6711 = {
			isa = PBXGroup;
			children = (
				B39854EE22133DB1009A6711 /* AniLoad */,
				B39854ED22133DB1009A6711 /* Products */,
			);
			sourceTree = "<group>";
		};
		B39854ED22133DB1009A6711 /* Products */ = {
			isa = PBXGroup;
			children = (
				B39854EC22133DB1009A6711 /* AniLoad.app */,
			);
			name = Products;
			sourceTree = "<group>";
		};
		B39854EE22133DB1009A6711 /* AniLoad */ = {
			isa = PBXGroup;
			children = (
				B39854EF22133DB1009A6711 /* AppDelegate.swift */,
				B39854F122133DB1009A6711 /* ViewController.swift */,
				B39854F322133DB1009A6711 /* Main.storyboard */,
				B39854F622133DB2009A6711 /* Assets.xcassets */,
				B39854F822133DB2009A6711 /* LaunchScreen.storyboard */,
				B398550722133FE4009A6711 /* Core */,
				B398550822134382009A6711 /* Animations */,
				B398550B22134885009A6711 /* Presenter */,
				B39854FB22133DB2009A6711 /* Info.plist */,
			);
			path = AniLoad;
			sourceTree = "<group>";
		};
		B398550722133FE4009A6711 /* Core */ = {
			isa = PBXGroup;
			children = (
				B398550122133DF6009A6711 /* ALAnimationProtocol.swift */,
				B398550322133E41009A6711 /* ALShape.swift */,
				B398550522133F37009A6711 /* ALView.swift */,
			);
			name = Core;
			path = Preseter;
			sourceTree = "<group>";
		};
		B398550822134382009A6711 /* Animations */ = {
			isa = PBXGroup;
			children = (
				B3985509221343A3009A6711 /* ALAnimationGradiCircleRotate.swift */,
			);
			path = Animations;
			sourceTree = "<group>";
		};
		B398550B22134885009A6711 /* Presenter */ = {
			isa = PBXGroup;
			children = (
				B398550C221348A2009A6711 /* ALPresenter.swift */,
				B398550E22134BD5009A6711 /* ALViewable.swift */,
			);
			path = Presenter;
			sourceTree = "<group>";
		};
/* End PBXGroup section */

/* Begin PBXNativeTarget section */
		B39854EB22133DB1009A6711 /* AniLoad */ = {
			isa = PBXNativeTarget;
			buildConfigurationList = B39854FE22133DB2009A6711 /* Build configuration list for PBXNativeTarget "AniLoad" */;
			buildPhases = (
				B39854E822133DB1009A6711 /* Sources */,
				B39854E922133DB1009A6711 /* Frameworks */,
				B39854EA22133DB1009A6711 /* Resources */,
			);
			buildRules = (
			);
			dependencies = (
			);
			name = AniLoad;
			productName = AniLoad;
			productReference = B39854EC22133DB1009A6711 /* AniLoad.app */;
			productType = "com.apple.product-type.application";
		};
/* End PBXNativeTarget section */

/* Begin PBXProject section */
		B39854E422133DB1009A6711 /* Project object */ = {
			isa = PBXProject;
			attributes = {
				LastSwiftUpdateCheck = 1010;
				LastUpgradeCheck = 1010;
				ORGANIZATIONNAME = "Bogdan Belogurov";
				TargetAttributes = {
					B39854EB22133DB1009A6711 = {
						CreatedOnToolsVersion = 10.1;
					};
				};
			};
			buildConfigurationList = B39854E722133DB1009A6711 /* Build configuration list for PBXProject "AniLoad" */;
			compatibilityVersion = "Xcode 9.3";
			developmentRegion = en;
			hasScannedForEncodings = 0;
			knownRegions = (
				en,
				Base,
			);
			mainGroup = B39854E322133DB1009A6711;
			productRefGroup = B39854ED22133DB1009A6711 /* Products */;
			projectDirPath = "";
			projectRoot = "";
			targets = (
				B39854EB22133DB1009A6711 /* AniLoad */,
			);
		};
/* End PBXProject section */

/* Begin PBXResourcesBuildPhase section */
		B39854EA22133DB1009A6711 /* Resources */ = {
			isa = PBXResourcesBuildPhase;
			buildActionMask = 2147483647;
			files = (
				B39854FA22133DB2009A6711 /* LaunchScreen.storyboard in Resources */,
				B39854F722133DB2009A6711 /* Assets.xcassets in Resources */,
				B39854F522133DB1009A6711 /* Main.storyboard in Resources */,
			);
			runOnlyForDeploymentPostprocessing = 0;
		};
/* End PBXResourcesBuildPhase section */

/* Begin PBXSourcesBuildPhase section */
		B39854E822133DB1009A6711 /* Sources */ = {
			isa = PBXSourcesBuildPhase;
			buildActionMask = 2147483647;
			files = (
				B398550222133DF6009A6711 /* ALAnimationProtocol.swift in Sources */,
				B39854F222133DB1009A6711 /* ViewController.swift in Sources */,
				B398550D221348A2009A6711 /* ALPresenter.swift in Sources */,
				B398550622133F37009A6711 /* ALView.swift in Sources */,
				B398550A221343A3009A6711 /* ALAnimationGradiCircleRotate.swift in Sources */,
				B398550F22134BD5009A6711 /* ALViewable.swift in Sources */,
				B398550422133E41009A6711 /* ALShape.swift in Sources */,
				B39854F022133DB1009A6711 /* AppDelegate.swift in Sources */,
			);
			runOnlyForDeploymentPostprocessing = 0;
		};
/* End PBXSourcesBuildPhase section */

/* Begin PBXVariantGroup section */
		B39854F322133DB1009A6711 /* Main.storyboard */ = {
			isa = PBXVariantGroup;
			children = (
				B39854F422133DB1009A6711 /* Base */,
			);
			name = Main.storyboard;
			sourceTree = "<group>";
		};
		B39854F822133DB2009A6711 /* LaunchScreen.storyboard */ = {
			isa = PBXVariantGroup;
			children = (
				B39854F922133DB2009A6711 /* Base */,
			);
			name = LaunchScreen.storyboard;
			sourceTree = "<group>";
		};
/* End PBXVariantGroup section */

/* Begin XCBuildConfiguration section */
		B39854FC22133DB2009A6711 /* Debug */ = {
			isa = XCBuildConfiguration;
			buildSettings = {
				ALWAYS_SEARCH_USER_PATHS = NO;
				CLANG_ANALYZER_NONNULL = YES;
				CLANG_ANALYZER_NUMBER_OBJECT_CONVERSION = YES_AGGRESSIVE;
				CLANG_CXX_LANGUAGE_STANDARD = "gnu++14";
				CLANG_CXX_LIBRARY = "libc++";
				CLANG_ENABLE_MODULES = YES;
				CLANG_ENABLE_OBJC_ARC = YES;
				CLANG_ENABLE_OBJC_WEAK = YES;
				CLANG_WARN_BLOCK_CAPTURE_AUTORELEASING = YES;
				CLANG_WARN_BOOL_CONVERSION = YES;
				CLANG_WARN_COMMA = YES;
				CLANG_WARN_CONSTANT_CONVERSION = YES;
				CLANG_WARN_DEPRECATED_OBJC_IMPLEMENTATIONS = YES;
				CLANG_WARN_DIRECT_OBJC_ISA_USAGE = YES_ERROR;
				CLANG_WARN_DOCUMENTATION_COMMENTS = YES;
				CLANG_WARN_EMPTY_BODY = YES;
				CLANG_WARN_ENUM_CONVERSION = YES;
				CLANG_WARN_INFINITE_RECURSION = YES;
				CLANG_WARN_INT_CONVERSION = YES;
				CLANG_WARN_NON_LITERAL_NULL_CONVERSION = YES;
				CLANG_WARN_OBJC_IMPLICIT_RETAIN_SELF = YES;
				CLANG_WARN_OBJC_LITERAL_CONVERSION = YES;
				CLANG_WARN_OBJC_ROOT_CLASS = YES_ERROR;
				CLANG_WARN_RANGE_LOOP_ANALYSIS = YES;
				CLANG_WARN_STRICT_PROTOTYPES = YES;
				CLANG_WARN_SUSPICIOUS_MOVE = YES;
				CLANG_WARN_UNGUARDED_AVAILABILITY = YES_AGGRESSIVE;
				CLANG_WARN_UNREACHABLE_CODE = YES;
				CLANG_WARN__DUPLICATE_METHOD_MATCH = YES;
				CODE_SIGN_IDENTITY = "iPhone Developer";
				COPY_PHASE_STRIP = NO;
				DEBUG_INFORMATION_FORMAT = dwarf;
				ENABLE_STRICT_OBJC_MSGSEND = YES;
				ENABLE_TESTABILITY = YES;
				GCC_C_LANGUAGE_STANDARD = gnu11;
				GCC_DYNAMIC_NO_PIC = NO;
				GCC_NO_COMMON_BLOCKS = YES;
				GCC_OPTIMIZATION_LEVEL = 0;
				GCC_PREPROCESSOR_DEFINITIONS = (
					"DEBUG=1",
					"$(inherited)",
				);
				GCC_WARN_64_TO_32_BIT_CONVERSION = YES;
				GCC_WARN_ABOUT_RETURN_TYPE = YES_ERROR;
				GCC_WARN_UNDECLARED_SELECTOR = YES;
				GCC_WARN_UNINITIALIZED_AUTOS = YES_AGGRESSIVE;
				GCC_WARN_UNUSED_FUNCTION = YES;
				GCC_WARN_UNUSED_VARIABLE = YES;
				IPHONEOS_DEPLOYMENT_TARGET = 12.1;
				MTL_ENABLE_DEBUG_INFO = INCLUDE_SOURCE;
				MTL_FAST_MATH = YES;
				ONLY_ACTIVE_ARCH = YES;
				SDKROOT = iphoneos;
				SWIFT_ACTIVE_COMPILATION_CONDITIONS = DEBUG;
				SWIFT_OPTIMIZATION_LEVEL = "-Onone";
			};
			name = Debug;
		};
		B39854FD22133DB2009A6711 /* Release */ = {
			isa = XCBuildConfiguration;
			buildSettings = {
				ALWAYS_SEARCH_USER_PATHS = NO;
				CLANG_ANALYZER_NONNULL = YES;
				CLANG_ANALYZER_NUMBER_OBJECT_CONVERSION = YES_AGGRESSIVE;
				CLANG_CXX_LANGUAGE_STANDARD = "gnu++14";
				CLANG_CXX_LIBRARY = "libc++";
				CLANG_ENABLE_MODULES = YES;
				CLANG_ENABLE_OBJC_ARC = YES;
				CLANG_ENABLE_OBJC_WEAK = YES;
				CLANG_WARN_BLOCK_CAPTURE_AUTORELEASING = YES;
				CLANG_WARN_BOOL_CONVERSION = YES;
				CLANG_WARN_COMMA = YES;
				CLANG_WARN_CONSTANT_CONVERSION = YES;
				CLANG_WARN_DEPRECATED_OBJC_IMPLEMENTATIONS = YES;
				CLANG_WARN_DIRECT_OBJC_ISA_USAGE = YES_ERROR;
				CLANG_WARN_DOCUMENTATION_COMMENTS = YES;
				CLANG_WARN_EMPTY_BODY = YES;
				CLANG_WARN_ENUM_CONVERSION = YES;
				CLANG_WARN_INFINITE_RECURSION = YES;
				CLANG_WARN_INT_CONVERSION = YES;
				CLANG_WARN_NON_LITERAL_NULL_CONVERSION = YES;
				CLANG_WARN_OBJC_IMPLICIT_RETAIN_SELF = YES;
				CLANG_WARN_OBJC_LITERAL_CONVERSION = YES;
				CLANG_WARN_OBJC_ROOT_CLASS = YES_ERROR;
				CLANG_WARN_RANGE_LOOP_ANALYSIS = YES;
				CLANG_WARN_STRICT_PROTOTYPES = YES;
				CLANG_WARN_SUSPICIOUS_MOVE = YES;
				CLANG_WARN_UNGUARDED_AVAILABILITY = YES_AGGRESSIVE;
				CLANG_WARN_UNREACHABLE_CODE = YES;
				CLANG_WARN__DUPLICATE_METHOD_MATCH = YES;
				CODE_SIGN_IDENTITY = "iPhone Developer";
				COPY_PHASE_STRIP = NO;
				DEBUG_INFORMATION_FORMAT = "dwarf-with-dsym";
				ENABLE_NS_ASSERTIONS = NO;
				ENABLE_STRICT_OBJC_MSGSEND = YES;
				GCC_C_LANGUAGE_STANDARD = gnu11;
				GCC_NO_COMMON_BLOCKS = YES;
				GCC_WARN_64_TO_32_BIT_CONVERSION = YES;
				GCC_WARN_ABOUT_RETURN_TYPE = YES_ERROR;
				GCC_WARN_UNDECLARED_SELECTOR = YES;
				GCC_WARN_UNINITIALIZED_AUTOS = YES_AGGRESSIVE;
				GCC_WARN_UNUSED_FUNCTION = YES;
				GCC_WARN_UNUSED_VARIABLE = YES;
				IPHONEOS_DEPLOYMENT_TARGET = 12.1;
				MTL_ENABLE_DEBUG_INFO = NO;
				MTL_FAST_MATH = YES;
				SDKROOT = iphoneos;
				SWIFT_COMPILATION_MODE = wholemodule;
				SWIFT_OPTIMIZATION_LEVEL = "-O";
				VALIDATE_PRODUCT = YES;
			};
			name = Release;
		};
		B39854FF22133DB2009A6711 /* Debug */ = {
			isa = XCBuildConfiguration;
			buildSettings = {
				ASSETCATALOG_COMPILER_APPICON_NAME = AppIcon;
				CODE_SIGN_STYLE = Automatic;
				DEVELOPMENT_TEAM = 46G92N6X3Y;
				INFOPLIST_FILE = AniLoad/Info.plist;
				LD_RUNPATH_SEARCH_PATHS = (
					"$(inherited)",
					"@executable_path/Frameworks",
				);
				PRODUCT_BUNDLE_IDENTIFIER = BB.AniLoad;
				PRODUCT_NAME = "$(TARGET_NAME)";
				SWIFT_VERSION = 4.2;
				TARGETED_DEVICE_FAMILY = "1,2";
			};
			name = Debug;
		};
		B398550022133DB2009A6711 /* Release */ = {
			isa = XCBuildConfiguration;
			buildSettings = {
				ASSETCATALOG_COMPILER_APPICON_NAME = AppIcon;
				CODE_SIGN_STYLE = Automatic;
				DEVELOPMENT_TEAM = 46G92N6X3Y;
				INFOPLIST_FILE = AniLoad/Info.plist;
				LD_RUNPATH_SEARCH_PATHS = (
					"$(inherited)",
					"@executable_path/Frameworks",
				);
				PRODUCT_BUNDLE_IDENTIFIER = BB.AniLoad;
				PRODUCT_NAME = "$(TARGET_NAME)";
				SWIFT_VERSION = 4.2;
				TARGETED_DEVICE_FAMILY = "1,2";
			};
			name = Release;
		};
/* End XCBuildConfiguration section */

/* Begin XCConfigurationList section */
		B39854E722133DB1009A6711 /* Build configuration list for PBXProject "AniLoad" */ = {
			isa = XCConfigurationList;
			buildConfigurations = (
				B39854FC22133DB2009A6711 /* Debug */,
				B39854FD22133DB2009A6711 /* Release */,
			);
			defaultConfigurationIsVisible = 0;
			defaultConfigurationName = Release;
		};
		B39854FE22133DB2009A6711 /* Build configuration list for PBXNativeTarget "AniLoad" */ = {
			isa = XCConfigurationList;
			buildConfigurations = (
				B39854FF22133DB2009A6711 /* Debug */,
				B398550022133DB2009A6711 /* Release */,
			);
			defaultConfigurationIsVisible = 0;
			defaultConfigurationName = Release;
		};
/* End XCConfigurationList section */
	};
	rootObject = B39854E422133DB1009A6711 /* Project object */;
}
